Microsoft Visual Studio Solution File, Format Version 11.00
# Visual Studio 2008

Project("{07AF93C9-A032-49DE-9CAB-DB55CEE1C913}") = "vrnd-course2-starter-project-004", "Assembly-CSharp.csproj", "{BC593849-FC1D-5BA5-5C41-C84A157FEF1F}"
EndProject
Project("{07AF93C9-A032-49DE-9CAB-DB55CEE1C913}") = "vrnd-course2-starter-project-004", "Assembly-CSharp-Editor.csproj", "{B718F2DA-4BF8-1F6E-DCD6-9E40B0F7898C}"
EndProject
Global
	GlobalSection(SolutionConfigurationPlatforms) = preSolution
		Debug|Any CPU = Debug|Any CPU
		Release|Any CPU = Release|Any CPU
	EndGlobalSection
	GlobalSection(ProjectConfigurationPlatforms) = postSolution
		{BC593849-FC1D-5BA5-5C41-C84A157FEF1F}.Debug|Any CPU.ActiveCfg = Debug|Any CPU
		{BC593849-FC1D-5BA5-5C41-C84A157FEF1F}.Debug|Any CPU.Build.0 = Debug|Any CPU
		{BC593849-FC1D-5BA5-5C41-C84A157FEF1F}.Release|Any CPU.ActiveCfg = Release|Any CPU
		{BC593849-FC1D-5BA5-5C41-C84A157FEF1F}.Release|Any CPU.Build.0 = Release|Any CPU
		{B718F2DA-4BF8-1F6E-DCD6-9E40B0F7898C}.Debug|Any CPU.ActiveCfg = Debug|Any CPU
		{B718F2DA-4BF8-1F6E-DCD6-9E40B0F7898C}.Debug|Any CPU.Build.0 = Debug|Any CPU
		{B718F2DA-4BF8-1F6E-DCD6-9E40B0F7898C}.Release|Any CPU.ActiveCfg = Release|Any CPU
		{B718F2DA-4BF8-1F6E-DCD6-9E40B0F7898C}.Release|Any CPU.Build.0 = Release|Any CPU
	EndGlobalSection
	GlobalSection(SolutionProperties) = preSolution
		HideSolutionNode = FALSE
	EndGlobalSection
	GlobalSection(MonoDevelopProperties) = preSolution
		StartupItem = Assembly-CSharp.csproj
	EndGlobalSection
EndGlobal
